
Microsoft Visual Studio Solution File, Format Version 12.00
# Visual Studio 15
VisualStudioVersion = 15.0.27130.2020
MinimumVisualStudioVersion = 10.0.40219.1
Project("{9A19103F-16F7-4668-BE54-9A1E7A4F7556}") = "WorldEvents", "WorldEvents\WorldEvents.csproj", "{04F01F3D-40CA-4771-8B3D-379EE5024879}"
EndProject
Project("{9A19103F-16F7-4668-BE54-9A1E7A4F7556}") = "WorldEvents.EntityFramework", "WorldEvents.EntityFramework\WorldEvents.EntityFramework.csproj", "{E504F8ED-0DA7-43CB-B0CA-5D79B5854334}"
EndProject
Project("{9A19103F-16F7-4668-BE54-9A1E7A4F7556}") = "WorldEvents.Entities", "WorldEvents.Entities\WorldEvents.Entities.csproj", "{548E9029-19DA-42D0-A31A-B8DB0279C7E3}"
EndProject
Project("{9A19103F-16F7-4668-BE54-9A1E7A4F7556}") = "WorldEvents.Core", "WorldEvents.Core\WorldEvents.Core.csproj", "{0975FACD-3B89-45B8-9341-0B524DD06D6E}"
EndProject
Project("{FAE04EC0-301F-11D3-BF4B-00C04F79EFBC}") = "WorldEvents.ApplicationServices", "WorldEvents.ApplicationServices\WorldEvents.ApplicationServices.csproj", "{6549CE1A-B78B-4551-AE1F-6FABD3BA7EF1}"
EndProject
Global
	GlobalSection(SolutionConfigurationPlatforms) = preSolution
		Debug|Any CPU = Debug|Any CPU
		Release|Any CPU = Release|Any CPU
	EndGlobalSection
	GlobalSection(ProjectConfigurationPlatforms) = postSolution
		{04F01F3D-40CA-4771-8B3D-379EE5024879}.Debug|Any CPU.ActiveCfg = Debug|Any CPU
		{04F01F3D-40CA-4771-8B3D-379EE5024879}.Debug|Any CPU.Build.0 = Debug|Any CPU
		{04F01F3D-40CA-4771-8B3D-379EE5024879}.Release|Any CPU.ActiveCfg = Release|Any CPU
		{04F01F3D-40CA-4771-8B3D-379EE5024879}.Release|Any CPU.Build.0 = Release|Any CPU
		{E504F8ED-0DA7-43CB-B0CA-5D79B5854334}.Debug|Any CPU.ActiveCfg = Debug|Any CPU
		{E504F8ED-0DA7-43CB-B0CA-5D79B5854334}.Debug|Any CPU.Build.0 = Debug|Any CPU
		{E504F8ED-0DA7-43CB-B0CA-5D79B5854334}.Release|Any CPU.ActiveCfg = Release|Any CPU
		{E504F8ED-0DA7-43CB-B0CA-5D79B5854334}.Release|Any CPU.Build.0 = Release|Any CPU
		{548E9029-19DA-42D0-A31A-B8DB0279C7E3}.Debug|Any CPU.ActiveCfg = Debug|Any CPU
		{548E9029-19DA-42D0-A31A-B8DB0279C7E3}.Debug|Any CPU.Build.0 = Debug|Any CPU
		{548E9029-19DA-42D0-A31A-B8DB0279C7E3}.Release|Any CPU.ActiveCfg = Release|Any CPU
		{548E9029-19DA-42D0-A31A-B8DB0279C7E3}.Release|Any CPU.Build.0 = Release|Any CPU
		{0975FACD-3B89-45B8-9341-0B524DD06D6E}.Debug|Any CPU.ActiveCfg = Debug|Any CPU
		{0975FACD-3B89-45B8-9341-0B524DD06D6E}.Debug|Any CPU.Build.0 = Debug|Any CPU
		{0975FACD-3B89-45B8-9341-0B524DD06D6E}.Release|Any CPU.ActiveCfg = Release|Any CPU
		{0975FACD-3B89-45B8-9341-0B524DD06D6E}.Release|Any CPU.Build.0 = Release|Any CPU
		{6549CE1A-B78B-4551-AE1F-6FABD3BA7EF1}.Debug|Any CPU.ActiveCfg = Debug|Any CPU
		{6549CE1A-B78B-4551-AE1F-6FABD3BA7EF1}.Debug|Any CPU.Build.0 = Debug|Any CPU
		{6549CE1A-B78B-4551-AE1F-6FABD3BA7EF1}.Release|Any CPU.ActiveCfg = Release|Any CPU
		{6549CE1A-B78B-4551-AE1F-6FABD3BA7EF1}.Release|Any CPU.Build.0 = Release|Any CPU
	EndGlobalSection
	GlobalSection(SolutionProperties) = preSolution
		HideSolutionNode = FALSE
	EndGlobalSection
	GlobalSection(ExtensibilityGlobals) = postSolution
		LessCompiler = 04f01f3d-40ca-4771-8b3d-379ee5024879
		SolutionGuid = {5536B0D7-7A07-4C3F-B967-A19446192A5E}
	EndGlobalSection
EndGlobal
